
Microsoft Visual Studio Solution File, Format Version 12.00
# Visual Studio 15
VisualStudioVersion = 15.0.27703.2000
MinimumVisualStudioVersion = 10.0.40219.1
Project("{2150E333-8FDC-42A3-9474-1A3956D46DE8}") = "Web", "Web", "{D9EB5F01-B857-4CD8-A9B0-428956A45C72}"
EndProject
Project("{2150E333-8FDC-42A3-9474-1A3956D46DE8}") = "Libraries", "Libraries", "{CE13C695-C85F-4EC4-9711-F76D4DDC9FBF}"
EndProject
Project("{9A19103F-16F7-4668-BE54-9A1E7A4F7556}") = "Aceout.Web", "Aceout.Web\Aceout.Web.csproj", "{DD28974B-8458-4C2D-9B60-2FC4281AB6C4}"
EndProject
Project("{2150E333-8FDC-42A3-9474-1A3956D46DE8}") = "Database", "Database", "{498B4F23-9CA9-4C96-A728-4C8E8B689B8D}"
EndProject
Project("{2150E333-8FDC-42A3-9474-1A3956D46DE8}") = "Tests", "Tests", "{469505A7-12A4-487C-ADC5-0B3C42208C85}"
EndProject
Project("{9A19103F-16F7-4668-BE54-9A1E7A4F7556}") = "Aceout.WebUI", "Aceout.WebUI\Aceout.WebUI.csproj", "{AD57F202-AF74-46F0-921C-524D928FEA0E}"
EndProject
Project("{9A19103F-16F7-4668-BE54-9A1E7A4F7556}") = "Aceout.Domain", "Aceout.Domain\Aceout.Domain.csproj", "{8F3DB529-4E14-4BA3-85AD-A76993BF3CC8}"
EndProject
Project("{9A19103F-16F7-4668-BE54-9A1E7A4F7556}") = "Aceout.Infrastructure", "Aceout.Infrastructure\Aceout.Infrastructure.csproj", "{ACD809A3-5611-48B7-A974-8FF19362CDF1}"
EndProject
Project("{9A19103F-16F7-4668-BE54-9A1E7A4F7556}") = "Aceout.Application", "Aceout.Application\Aceout.Application.csproj", "{ECBCD16B-63A7-45F6-AE93-19A1C48F5719}"
EndProject
Project("{9A19103F-16F7-4668-BE54-9A1E7A4F7556}") = "Aceout.Tools", "Aceout.Tools\Aceout.Tools.csproj", "{0E9F9FA7-7661-43EB-99D2-A71ECFD93A83}"
EndProject
Project("{2150E333-8FDC-42A3-9474-1A3956D46DE8}") = "Web", "Web", "{2360C458-87DE-4BF3-9B0C-F1B3FA56D73F}"
EndProject
Project("{9A19103F-16F7-4668-BE54-9A1E7A4F7556}") = "Aceout.Tests.Web", "Aceout.Tests.Web\Aceout.Tests.Web.csproj", "{4FE89AA8-ED05-4DDF-94B7-1247D1240973}"
EndProject
Project("{9A19103F-16F7-4668-BE54-9A1E7A4F7556}") = "Aceout.Migrations", "Aceout.Migrations\Aceout.Migrations.csproj", "{25908E77-ACF6-4118-8B7E-CF42D775DEB7}"
EndProject
Project("{2150E333-8FDC-42A3-9474-1A3956D46DE8}") = "Libraries", "Libraries", "{534362E2-C56A-4DAC-9098-EEBF9D47AC9C}"
EndProject
Project("{9A19103F-16F7-4668-BE54-9A1E7A4F7556}") = "Aceout.Tests.Infrastructure", "Aceout.Tests.Infrastructure\Aceout.Tests.Infrastructure.csproj", "{3F941CDB-7504-4C0D-8464-0836EC8B1C71}"
EndProject
Project("{9A19103F-16F7-4668-BE54-9A1E7A4F7556}") = "Aceout.Tests.Tools", "Aceout.Tests.Tools\Aceout.Tests.Tools.csproj", "{FC22D86B-6E51-454A-8A52-DF783D4C6603}"
EndProject
Project("{FAE04EC0-301F-11D3-BF4B-00C04F79EFBC}") = "Aceout.Tests.Application", "Aceout.Tests.Application\Aceout.Tests.Application.csproj", "{29ED1091-A3DB-43AF-8E76-1839F26A2F86}"
EndProject
Project("{FAE04EC0-301F-11D3-BF4B-00C04F79EFBC}") = "Aceout.Tests.Domain", "Aceout.Tests.Domain\Aceout.Tests.Domain.csproj", "{6BEBF2DF-5F8B-453A-A582-DAC3F0F624E4}"
EndProject
Project("{FAE04EC0-301F-11D3-BF4B-00C04F79EFBC}") = "Aceout.Test.Utils", "Aceout.Test.Utils\Aceout.Test.Utils.csproj", "{5F3651F3-A178-4232-A97C-E1071FFE2F3F}"
EndProject
Global
	GlobalSection(SolutionConfigurationPlatforms) = preSolution
		Debug|Any CPU = Debug|Any CPU
		Release|Any CPU = Release|Any CPU
	EndGlobalSection
	GlobalSection(ProjectConfigurationPlatforms) = postSolution
		{DD28974B-8458-4C2D-9B60-2FC4281AB6C4}.Debug|Any CPU.ActiveCfg = Debug|Any CPU
		{DD28974B-8458-4C2D-9B60-2FC4281AB6C4}.Debug|Any CPU.Build.0 = Debug|Any CPU
		{DD28974B-8458-4C2D-9B60-2FC4281AB6C4}.Release|Any CPU.ActiveCfg = Release|Any CPU
		{DD28974B-8458-4C2D-9B60-2FC4281AB6C4}.Release|Any CPU.Build.0 = Release|Any CPU
		{AD57F202-AF74-46F0-921C-524D928FEA0E}.Debug|Any CPU.ActiveCfg = Debug|Any CPU
		{AD57F202-AF74-46F0-921C-524D928FEA0E}.Debug|Any CPU.Build.0 = Debug|Any CPU
		{AD57F202-AF74-46F0-921C-524D928FEA0E}.Release|Any CPU.ActiveCfg = Release|Any CPU
		{AD57F202-AF74-46F0-921C-524D928FEA0E}.Release|Any CPU.Build.0 = Release|Any CPU
		{8F3DB529-4E14-4BA3-85AD-A76993BF3CC8}.Debug|Any CPU.ActiveCfg = Debug|Any CPU
		{8F3DB529-4E14-4BA3-85AD-A76993BF3CC8}.Debug|Any CPU.Build.0 = Debug|Any CPU
		{8F3DB529-4E14-4BA3-85AD-A76993BF3CC8}.Release|Any CPU.ActiveCfg = Release|Any CPU
		{8F3DB529-4E14-4BA3-85AD-A76993BF3CC8}.Release|Any CPU.Build.0 = Release|Any CPU
		{ACD809A3-5611-48B7-A974-8FF19362CDF1}.Debug|Any CPU.ActiveCfg = Debug|Any CPU
		{ACD809A3-5611-48B7-A974-8FF19362CDF1}.Debug|Any CPU.Build.0 = Debug|Any CPU
		{ACD809A3-5611-48B7-A974-8FF19362CDF1}.Release|Any CPU.ActiveCfg = Release|Any CPU
		{ACD809A3-5611-48B7-A974-8FF19362CDF1}.Release|Any CPU.Build.0 = Release|Any CPU
		{ECBCD16B-63A7-45F6-AE93-19A1C48F5719}.Debug|Any CPU.ActiveCfg = Debug|Any CPU
		{ECBCD16B-63A7-45F6-AE93-19A1C48F5719}.Debug|Any CPU.Build.0 = Debug|Any CPU
		{ECBCD16B-63A7-45F6-AE93-19A1C48F5719}.Release|Any CPU.ActiveCfg = Release|Any CPU
		{ECBCD16B-63A7-45F6-AE93-19A1C48F5719}.Release|Any CPU.Build.0 = Release|Any CPU
		{0E9F9FA7-7661-43EB-99D2-A71ECFD93A83}.Debug|Any CPU.ActiveCfg = Debug|Any CPU
		{0E9F9FA7-7661-43EB-99D2-A71ECFD93A83}.Debug|Any CPU.Build.0 = Debug|Any CPU
		{0E9F9FA7-7661-43EB-99D2-A71ECFD93A83}.Release|Any CPU.ActiveCfg = Release|Any CPU
		{0E9F9FA7-7661-43EB-99D2-A71ECFD93A83}.Release|Any CPU.Build.0 = Release|Any CPU
		{4FE89AA8-ED05-4DDF-94B7-1247D1240973}.Debug|Any CPU.ActiveCfg = Debug|Any CPU
		{4FE89AA8-ED05-4DDF-94B7-1247D1240973}.Debug|Any CPU.Build.0 = Debug|Any CPU
		{4FE89AA8-ED05-4DDF-94B7-1247D1240973}.Release|Any CPU.ActiveCfg = Release|Any CPU
		{4FE89AA8-ED05-4DDF-94B7-1247D1240973}.Release|Any CPU.Build.0 = Release|Any CPU
		{25908E77-ACF6-4118-8B7E-CF42D775DEB7}.Debug|Any CPU.ActiveCfg = Debug|Any CPU
		{25908E77-ACF6-4118-8B7E-CF42D775DEB7}.Debug|Any CPU.Build.0 = Debug|Any CPU
		{25908E77-ACF6-4118-8B7E-CF42D775DEB7}.Release|Any CPU.ActiveCfg = Release|Any CPU
		{25908E77-ACF6-4118-8B7E-CF42D775DEB7}.Release|Any CPU.Build.0 = Release|Any CPU
		{3F941CDB-7504-4C0D-8464-0836EC8B1C71}.Debug|Any CPU.ActiveCfg = Debug|Any CPU
		{3F941CDB-7504-4C0D-8464-0836EC8B1C71}.Debug|Any CPU.Build.0 = Debug|Any CPU
		{3F941CDB-7504-4C0D-8464-0836EC8B1C71}.Release|Any CPU.ActiveCfg = Release|Any CPU
		{3F941CDB-7504-4C0D-8464-0836EC8B1C71}.Release|Any CPU.Build.0 = Release|Any CPU
		{FC22D86B-6E51-454A-8A52-DF783D4C6603}.Debug|Any CPU.ActiveCfg = Debug|Any CPU
		{FC22D86B-6E51-454A-8A52-DF783D4C6603}.Debug|Any CPU.Build.0 = Debug|Any CPU
		{FC22D86B-6E51-454A-8A52-DF783D4C6603}.Release|Any CPU.ActiveCfg = Release|Any CPU
		{FC22D86B-6E51-454A-8A52-DF783D4C6603}.Release|Any CPU.Build.0 = Release|Any CPU
		{29ED1091-A3DB-43AF-8E76-1839F26A2F86}.Debug|Any CPU.ActiveCfg = Debug|Any CPU
		{29ED1091-A3DB-43AF-8E76-1839F26A2F86}.Debug|Any CPU.Build.0 = Debug|Any CPU
		{29ED1091-A3DB-43AF-8E76-1839F26A2F86}.Release|Any CPU.ActiveCfg = Release|Any CPU
		{29ED1091-A3DB-43AF-8E76-1839F26A2F86}.Release|Any CPU.Build.0 = Release|Any CPU
		{6BEBF2DF-5F8B-453A-A582-DAC3F0F624E4}.Debug|Any CPU.ActiveCfg = Debug|Any CPU
		{6BEBF2DF-5F8B-453A-A582-DAC3F0F624E4}.Debug|Any CPU.Build.0 = Debug|Any CPU
		{6BEBF2DF-5F8B-453A-A582-DAC3F0F624E4}.Release|Any CPU.ActiveCfg = Release|Any CPU
		{6BEBF2DF-5F8B-453A-A582-DAC3F0F624E4}.Release|Any CPU.Build.0 = Release|Any CPU
		{5F3651F3-A178-4232-A97C-E1071FFE2F3F}.Debug|Any CPU.ActiveCfg = Debug|Any CPU
		{5F3651F3-A178-4232-A97C-E1071FFE2F3F}.Debug|Any CPU.Build.0 = Debug|Any CPU
		{5F3651F3-A178-4232-A97C-E1071FFE2F3F}.Release|Any CPU.ActiveCfg = Release|Any CPU
		{5F3651F3-A178-4232-A97C-E1071FFE2F3F}.Release|Any CPU.Build.0 = Release|Any CPU
	EndGlobalSection
	GlobalSection(SolutionProperties) = preSolution
		HideSolutionNode = FALSE
	EndGlobalSection
	GlobalSection(NestedProjects) = preSolution
		{DD28974B-8458-4C2D-9B60-2FC4281AB6C4} = {D9EB5F01-B857-4CD8-A9B0-428956A45C72}
		{AD57F202-AF74-46F0-921C-524D928FEA0E} = {D9EB5F01-B857-4CD8-A9B0-428956A45C72}
		{8F3DB529-4E14-4BA3-85AD-A76993BF3CC8} = {CE13C695-C85F-4EC4-9711-F76D4DDC9FBF}
		{ACD809A3-5611-48B7-A974-8FF19362CDF1} = {CE13C695-C85F-4EC4-9711-F76D4DDC9FBF}
		{ECBCD16B-63A7-45F6-AE93-19A1C48F5719} = {CE13C695-C85F-4EC4-9711-F76D4DDC9FBF}
		{0E9F9FA7-7661-43EB-99D2-A71ECFD93A83} = {CE13C695-C85F-4EC4-9711-F76D4DDC9FBF}
		{2360C458-87DE-4BF3-9B0C-F1B3FA56D73F} = {469505A7-12A4-487C-ADC5-0B3C42208C85}
		{4FE89AA8-ED05-4DDF-94B7-1247D1240973} = {2360C458-87DE-4BF3-9B0C-F1B3FA56D73F}
		{25908E77-ACF6-4118-8B7E-CF42D775DEB7} = {498B4F23-9CA9-4C96-A728-4C8E8B689B8D}
		{534362E2-C56A-4DAC-9098-EEBF9D47AC9C} = {469505A7-12A4-487C-ADC5-0B3C42208C85}
		{3F941CDB-7504-4C0D-8464-0836EC8B1C71} = {534362E2-C56A-4DAC-9098-EEBF9D47AC9C}
		{FC22D86B-6E51-454A-8A52-DF783D4C6603} = {534362E2-C56A-4DAC-9098-EEBF9D47AC9C}
		{29ED1091-A3DB-43AF-8E76-1839F26A2F86} = {534362E2-C56A-4DAC-9098-EEBF9D47AC9C}
		{6BEBF2DF-5F8B-453A-A582-DAC3F0F624E4} = {534362E2-C56A-4DAC-9098-EEBF9D47AC9C}
		{5F3651F3-A178-4232-A97C-E1071FFE2F3F} = {469505A7-12A4-487C-ADC5-0B3C42208C85}
	EndGlobalSection
	GlobalSection(ExtensibilityGlobals) = postSolution
		SolutionGuid = {12396948-CC5F-4B23-8E7B-EF2D94378F01}
	EndGlobalSection
EndGlobal
